// !$*UTF8*$!
{
	archiveVersion = 1;
	classes = {
	};
	objectVersion = 46;
	objects = {

/* Begin PBXBuildFile section */
		1716AF9F1CCE8A7600264EBE /* Obama.swift in Sources */ = {isa = PBXBuildFile; fileRef = 1716AF9E1CCE8A7600264EBE /* Obama.swift */; };
		3284A1361CD3FD4500A5DD4F /* Minion.swift in Sources */ = {isa = PBXBuildFile; fileRef = 3284A1351CD3FD4500A5DD4F /* Minion.swift */; };
		3284A13C1CD4010200A5DD4F /* Barney.swift in Sources */ = {isa = PBXBuildFile; fileRef = 3284A13B1CD4010200A5DD4F /* Barney.swift */; };
		7730A5321CD6614B0064B499 /* Redneck.swift in Sources */ = {isa = PBXBuildFile; fileRef = 7730A5311CD6614B0064B499 /* Redneck.swift */; };
		7730A5341CD668D10064B499 /* Trump.swift in Sources */ = {isa = PBXBuildFile; fileRef = 7730A5331CD668D10064B499 /* Trump.swift */; };
		77989E4A1CCFDB1000AB13A3 /* Hodor.swift in Sources */ = {isa = PBXBuildFile; fileRef = 77989E491CCFDB0F00AB13A3 /* Hodor.swift */; };
		79A8A7631CD0072100C7A040 /* Sherlock.swift in Sources */ = {isa = PBXBuildFile; fileRef = 79A8A7621CD0072100C7A040 /* Sherlock.swift */; };
		8739C1BD191C1203009C7B3B /* Foundation.framework in Frameworks */ = {isa = PBXBuildFile; fileRef = 8739C1BC191C1203009C7B3B /* Foundation.framework */; };
		8739C1BF191C1203009C7B3B /* CoreGraphics.framework in Frameworks */ = {isa = PBXBuildFile; fileRef = 8739C1BE191C1203009C7B3B /* CoreGraphics.framework */; };
		8739C1C1191C1203009C7B3B /* UIKit.framework in Frameworks */ = {isa = PBXBuildFile; fileRef = 8739C1C0191C1203009C7B3B /* UIKit.framework */; };
		8739C1D8191C1203009C7B3B /* Images.xcassets in Resources */ = {isa = PBXBuildFile; fileRef = 8739C1D7191C1203009C7B3B /* Images.xcassets */; };
		87468FD71CCD3B3500DB4A03 /* Chatter.swift in Sources */ = {isa = PBXBuildFile; fileRef = 87468FD31CCD3B3500DB4A03 /* Chatter.swift */; };
		87468FDA1CCD3B3500DB4A03 /* Yoda.swift in Sources */ = {isa = PBXBuildFile; fileRef = 87468FD61CCD3B3500DB4A03 /* Yoda.swift */; };
		87468FDC1CCD3B6100DB4A03 /* Main.storyboard in Resources */ = {isa = PBXBuildFile; fileRef = 87468FDB1CCD3B6100DB4A03 /* Main.storyboard */; };
		879EC5111AF2952E00F36F1C /* AppDelegate.swift in Sources */ = {isa = PBXBuildFile; fileRef = 879EC5101AF2952E00F36F1C /* AppDelegate.swift */; };
		879EC5451AF29DC200F36F1C /* ViewController.swift in Sources */ = {isa = PBXBuildFile; fileRef = 879EC5441AF29DC200F36F1C /* ViewController.swift */; };
		879EC5471AF29DD600F36F1C /* ChatViewController.swift in Sources */ = {isa = PBXBuildFile; fileRef = 879EC5461AF29DD600F36F1C /* ChatViewController.swift */; };
		879EC5491AF2A08300F36F1C /* ChatBubbleCell.swift in Sources */ = {isa = PBXBuildFile; fileRef = 879EC5481AF2A08300F36F1C /* ChatBubbleCell.swift */; };
		87DC34E61CEA18A000AC0EE6 /* Teenager.swift in Sources */ = {isa = PBXBuildFile; fileRef = 87DC34E51CEA18A000AC0EE6 /* Teenager.swift */; };
		9D20C80A1CD3BE9400C54F73 /* StarTrek.swift in Sources */ = {isa = PBXBuildFile; fileRef = 9D20C8091CD3BE9400C54F73 /* StarTrek.swift */; };
		9DCCE6CD1CD3457F0074771D /* Sheldon.swift in Sources */ = {isa = PBXBuildFile; fileRef = 9DCCE6CC1CD3457F0074771D /* Sheldon.swift */; };
		A016F8D41CCE76A80039184B /* Nathan.swift in Sources */ = {isa = PBXBuildFile; fileRef = A016F8D31CCE76A80039184B /* Nathan.swift */; };
		DC161D081CD60CE7001ADBC4 /* Seneca.swift in Sources */ = {isa = PBXBuildFile; fileRef = DC161D071CD60CE7001ADBC4 /* Seneca.swift */; };
		A2AB56621CD35B40006999FD /* Homer.swift in Sources */ = {isa = PBXBuildFile; fileRef = A2AB56611CD35B40006999FD /* Homer.swift */; };
		E9DD170D1CD6C2DA004F614F /* Magic Conch Shell.swift in Sources */ = {isa = PBXBuildFile; fileRef = E9DD170C1CD6C2DA004F614F /* Magic Conch Shell.swift */; };
/* End PBXBuildFile section */

/* Begin PBXFileReference section */
		1716AF9E1CCE8A7600264EBE /* Obama.swift */ = {isa = PBXFileReference; fileEncoding = 4; lastKnownFileType = sourcecode.swift; path = Obama.swift; sourceTree = "<group>"; };
		3284A1351CD3FD4500A5DD4F /* Minion.swift */ = {isa = PBXFileReference; fileEncoding = 4; lastKnownFileType = sourcecode.swift; path = Minion.swift; sourceTree = "<group>"; };
		3284A13B1CD4010200A5DD4F /* Barney.swift */ = {isa = PBXFileReference; fileEncoding = 4; lastKnownFileType = sourcecode.swift; path = Barney.swift; sourceTree = "<group>"; };
		7730A5311CD6614B0064B499 /* Redneck.swift */ = {isa = PBXFileReference; fileEncoding = 4; lastKnownFileType = sourcecode.swift; path = Redneck.swift; sourceTree = "<group>"; };
		7730A5331CD668D10064B499 /* Trump.swift */ = {isa = PBXFileReference; fileEncoding = 4; lastKnownFileType = sourcecode.swift; path = Trump.swift; sourceTree = "<group>"; };
		77989E491CCFDB0F00AB13A3 /* Hodor.swift */ = {isa = PBXFileReference; fileEncoding = 4; lastKnownFileType = sourcecode.swift; path = Hodor.swift; sourceTree = "<group>"; };
		79A8A7621CD0072100C7A040 /* Sherlock.swift */ = {isa = PBXFileReference; fileEncoding = 4; lastKnownFileType = sourcecode.swift; path = Sherlock.swift; sourceTree = "<group>"; };
		8739C1B9191C1203009C7B3B /* chatter.app */ = {isa = PBXFileReference; explicitFileType = wrapper.application; includeInIndex = 0; path = chatter.app; sourceTree = BUILT_PRODUCTS_DIR; };
		8739C1BC191C1203009C7B3B /* Foundation.framework */ = {isa = PBXFileReference; lastKnownFileType = wrapper.framework; name = Foundation.framework; path = System/Library/Frameworks/Foundation.framework; sourceTree = SDKROOT; };
		8739C1BE191C1203009C7B3B /* CoreGraphics.framework */ = {isa = PBXFileReference; lastKnownFileType = wrapper.framework; name = CoreGraphics.framework; path = System/Library/Frameworks/CoreGraphics.framework; sourceTree = SDKROOT; };
		8739C1C0191C1203009C7B3B /* UIKit.framework */ = {isa = PBXFileReference; lastKnownFileType = wrapper.framework; name = UIKit.framework; path = System/Library/Frameworks/UIKit.framework; sourceTree = SDKROOT; };
		8739C1C4191C1203009C7B3B /* chatter-Info.plist */ = {isa = PBXFileReference; lastKnownFileType = text.plist.xml; path = "chatter-Info.plist"; sourceTree = "<group>"; };
		8739C1D7191C1203009C7B3B /* Images.xcassets */ = {isa = PBXFileReference; lastKnownFileType = folder.assetcatalog; path = Images.xcassets; sourceTree = "<group>"; };
		8739C1DE191C1203009C7B3B /* XCTest.framework */ = {isa = PBXFileReference; lastKnownFileType = wrapper.framework; name = XCTest.framework; path = Library/Frameworks/XCTest.framework; sourceTree = DEVELOPER_DIR; };
		87468FD31CCD3B3500DB4A03 /* Chatter.swift */ = {isa = PBXFileReference; fileEncoding = 4; lastKnownFileType = sourcecode.swift; path = Chatter.swift; sourceTree = "<group>"; };
		87468FD61CCD3B3500DB4A03 /* Yoda.swift */ = {isa = PBXFileReference; fileEncoding = 4; lastKnownFileType = sourcecode.swift; path = Yoda.swift; sourceTree = "<group>"; };
		87468FDB1CCD3B6100DB4A03 /* Main.storyboard */ = {isa = PBXFileReference; fileEncoding = 4; lastKnownFileType = file.storyboard; path = Main.storyboard; sourceTree = "<group>"; };
		87468FDD1CCD537700DB4A03 /* README.md */ = {isa = PBXFileReference; lastKnownFileType = net.daringfireball.markdown; path = README.md; sourceTree = "<group>"; };
		879EC5101AF2952E00F36F1C /* AppDelegate.swift */ = {isa = PBXFileReference; fileEncoding = 4; lastKnownFileType = sourcecode.swift; path = AppDelegate.swift; sourceTree = "<group>"; };
		879EC5441AF29DC200F36F1C /* ViewController.swift */ = {isa = PBXFileReference; fileEncoding = 4; lastKnownFileType = sourcecode.swift; path = ViewController.swift; sourceTree = "<group>"; };
		879EC5461AF29DD600F36F1C /* ChatViewController.swift */ = {isa = PBXFileReference; fileEncoding = 4; lastKnownFileType = sourcecode.swift; path = ChatViewController.swift; sourceTree = "<group>"; };
		879EC5481AF2A08300F36F1C /* ChatBubbleCell.swift */ = {isa = PBXFileReference; fileEncoding = 4; lastKnownFileType = sourcecode.swift; path = ChatBubbleCell.swift; sourceTree = "<group>"; };
		87DC34E51CEA18A000AC0EE6 /* Teenager.swift */ = {isa = PBXFileReference; fileEncoding = 4; lastKnownFileType = sourcecode.swift; path = Teenager.swift; sourceTree = "<group>"; };
		9D20C8091CD3BE9400C54F73 /* StarTrek.swift */ = {isa = PBXFileReference; fileEncoding = 4; lastKnownFileType = sourcecode.swift; path = StarTrek.swift; sourceTree = "<group>"; };
		9DCCE6CC1CD3457F0074771D /* Sheldon.swift */ = {isa = PBXFileReference; fileEncoding = 4; lastKnownFileType = sourcecode.swift; path = Sheldon.swift; sourceTree = "<group>"; };
		A016F8D31CCE76A80039184B /* Nathan.swift */ = {isa = PBXFileReference; fileEncoding = 4; lastKnownFileType = sourcecode.swift; path = Nathan.swift; sourceTree = "<group>"; };
		DC161D071CD60CE7001ADBC4 /* Seneca.swift */ = {isa = PBXFileReference; fileEncoding = 4; lastKnownFileType = sourcecode.swift; path = Seneca.swift; sourceTree = "<group>"; };
		A2AB56611CD35B40006999FD /* Homer.swift */ = {isa = PBXFileReference; fileEncoding = 4; lastKnownFileType = sourcecode.swift; path = Homer.swift; sourceTree = "<group>"; };
		E9DD170C1CD6C2DA004F614F /* Magic Conch Shell.swift */ = {isa = PBXFileReference; fileEncoding = 4; lastKnownFileType = sourcecode.swift; path = "Magic Conch Shell.swift"; sourceTree = "<group>"; };
/* End PBXFileReference section */

/* Begin PBXFrameworksBuildPhase section */
		8739C1B6191C1203009C7B3B /* Frameworks */ = {
			isa = PBXFrameworksBuildPhase;
			buildActionMask = 2147483647;
			files = (
				8739C1BF191C1203009C7B3B /* CoreGraphics.framework in Frameworks */,
				8739C1C1191C1203009C7B3B /* UIKit.framework in Frameworks */,
				8739C1BD191C1203009C7B3B /* Foundation.framework in Frameworks */,
			);
			runOnlyForDeploymentPostprocessing = 0;
		};
/* End PBXFrameworksBuildPhase section */

/* Begin PBXGroup section */
		8739C1B0191C1203009C7B3B = {
			isa = PBXGroup;
			children = (
				87468FDD1CCD537700DB4A03 /* README.md */,
				8739C1C2191C1203009C7B3B /* chatter */,
				8739C1BB191C1203009C7B3B /* Frameworks */,
				8739C1BA191C1203009C7B3B /* Products */,
			);
			sourceTree = "<group>";
		};
		8739C1BA191C1203009C7B3B /* Products */ = {
			isa = PBXGroup;
			children = (
				8739C1B9191C1203009C7B3B /* chatter.app */,
			);
			name = Products;
			sourceTree = "<group>";
		};
		8739C1BB191C1203009C7B3B /* Frameworks */ = {
			isa = PBXGroup;
			children = (
				8739C1BC191C1203009C7B3B /* Foundation.framework */,
				8739C1BE191C1203009C7B3B /* CoreGraphics.framework */,
				8739C1C0191C1203009C7B3B /* UIKit.framework */,
				8739C1DE191C1203009C7B3B /* XCTest.framework */,
			);
			name = Frameworks;
			sourceTree = "<group>";
		};
		8739C1C2191C1203009C7B3B /* chatter */ = {
			isa = PBXGroup;
			children = (
				879EC5101AF2952E00F36F1C /* AppDelegate.swift */,
				8739C1F7191C123C009C7B3B /* Model */,
				8739C1F9191C1256009C7B3B /* View */,
				8739C1F8191C1244009C7B3B /* Controller */,
				8739C1D7191C1203009C7B3B /* Images.xcassets */,
				8739C1C3191C1203009C7B3B /* Supporting Files */,
			);
			path = chatter;
			sourceTree = "<group>";
		};
		8739C1C3191C1203009C7B3B /* Supporting Files */ = {
			isa = PBXGroup;
			children = (
				8739C1C4191C1203009C7B3B /* chatter-Info.plist */,
			);
			name = "Supporting Files";
			sourceTree = "<group>";
		};
		8739C1F7191C123C009C7B3B /* Model */ = {
			isa = PBXGroup;
			children = (
				87468FD31CCD3B3500DB4A03 /* Chatter.swift */,
				8739C203191C320F009C7B3B /* Chatters */,
			);
			name = Model;
			sourceTree = "<group>";
		};
		8739C1F8191C1244009C7B3B /* Controller */ = {
			isa = PBXGroup;
			children = (
				879EC5441AF29DC200F36F1C /* ViewController.swift */,
				879EC5461AF29DD600F36F1C /* ChatViewController.swift */,
			);
			name = Controller;
			sourceTree = "<group>";
		};
		8739C1F9191C1256009C7B3B /* View */ = {
			isa = PBXGroup;
			children = (
				87468FDB1CCD3B6100DB4A03 /* Main.storyboard */,
				879EC5481AF2A08300F36F1C /* ChatBubbleCell.swift */,
			);
			name = View;
			sourceTree = "<group>";
		};
		8739C203191C320F009C7B3B /* Chatters */ = {
			isa = PBXGroup;
			children = (
				87468FD61CCD3B3500DB4A03 /* Yoda.swift */,
				DC161D071CD60CE7001ADBC4 /* Seneca.swift */,
				A016F8D31CCE76A80039184B /* Nathan.swift */,
				1716AF9E1CCE8A7600264EBE /* Obama.swift */,
				9DCCE6CC1CD3457F0074771D /* Sheldon.swift */,
				9D20C8091CD3BE9400C54F73 /* StarTrek.swift */,
				A2AB56611CD35B40006999FD /* Homer.swift */,
				3284A1351CD3FD4500A5DD4F /* Minion.swift */,
				3284A13B1CD4010200A5DD4F /* Barney.swift */,
				79A8A7621CD0072100C7A040 /* Sherlock.swift */,
				77989E491CCFDB0F00AB13A3 /* Hodor.swift */,
				7730A5311CD6614B0064B499 /* Redneck.swift */,
				7730A5331CD668D10064B499 /* Trump.swift */,
				87DC34E51CEA18A000AC0EE6 /* Teenager.swift */,
				E9DD170C1CD6C2DA004F614F /* Magic Conch Shell.swift */,
			);
			name = Chatters;
			sourceTree = "<group>";
		};
/* End PBXGroup section */

/* Begin PBXNativeTarget section */
		8739C1B8191C1203009C7B3B /* chatter */ = {
			isa = PBXNativeTarget;
			buildConfigurationList = 8739C1EE191C1203009C7B3B /* Build configuration list for PBXNativeTarget "chatter" */;
			buildPhases = (
				8739C1B5191C1203009C7B3B /* Sources */,
				8739C1B6191C1203009C7B3B /* Frameworks */,
				8739C1B7191C1203009C7B3B /* Resources */,
			);
			buildRules = (
			);
			dependencies = (
			);
			name = chatter;
			productName = chatter;
			productReference = 8739C1B9191C1203009C7B3B /* chatter.app */;
			productType = "com.apple.product-type.application";
		};
/* End PBXNativeTarget section */

/* Begin PBXProject section */
		8739C1B1191C1203009C7B3B /* Project object */ = {
			isa = PBXProject;
			attributes = {
				CLASSPREFIX = CHTR;
				LastSwiftMigration = 0730;
				LastSwiftUpdateCheck = 0730;
				LastUpgradeCheck = 0730;
				ORGANIZATIONNAME = "Universität Heidelberg";
				TargetAttributes = {
					8739C1B8191C1203009C7B3B = {
						DevelopmentTeam = 5NV62CF7F7;
					};
				};
			};
			buildConfigurationList = 8739C1B4191C1203009C7B3B /* Build configuration list for PBXProject "chatter" */;
			compatibilityVersion = "Xcode 3.2";
			developmentRegion = English;
			hasScannedForEncodings = 0;
			knownRegions = (
				en,
				Base,
			);
			mainGroup = 8739C1B0191C1203009C7B3B;
			productRefGroup = 8739C1BA191C1203009C7B3B /* Products */;
			projectDirPath = "";
			projectRoot = "";
			targets = (
				8739C1B8191C1203009C7B3B /* chatter */,
			);
		};
/* End PBXProject section */

/* Begin PBXResourcesBuildPhase section */
		8739C1B7191C1203009C7B3B /* Resources */ = {
			isa = PBXResourcesBuildPhase;
			buildActionMask = 2147483647;
			files = (
				8739C1D8191C1203009C7B3B /* Images.xcassets in Resources */,
				87468FDC1CCD3B6100DB4A03 /* Main.storyboard in Resources */,
			);
			runOnlyForDeploymentPostprocessing = 0;
		};
/* End PBXResourcesBuildPhase section */

/* Begin PBXSourcesBuildPhase section */
		8739C1B5191C1203009C7B3B /* Sources */ = {
			isa = PBXSourcesBuildPhase;
			buildActionMask = 2147483647;
			files = (
				87468FDA1CCD3B3500DB4A03 /* Yoda.swift in Sources */,
				879EC5111AF2952E00F36F1C /* AppDelegate.swift in Sources */,
				9D20C80A1CD3BE9400C54F73 /* StarTrek.swift in Sources */,
				A2AB56621CD35B40006999FD /* Homer.swift in Sources */,
				7730A5321CD6614B0064B499 /* Redneck.swift in Sources */,
				77989E4A1CCFDB1000AB13A3 /* Hodor.swift in Sources */,
				87468FD71CCD3B3500DB4A03 /* Chatter.swift in Sources */,
				A016F8D41CCE76A80039184B /* Nathan.swift in Sources */,
				DC161D081CD60CE7001ADBC4 /* Seneca.swift in Sources */,
				1716AF9F1CCE8A7600264EBE /* Obama.swift in Sources */,
				879EC5471AF29DD600F36F1C /* ChatViewController.swift in Sources */,
				E9DD170D1CD6C2DA004F614F /* Magic Conch Shell.swift in Sources */,
				7730A5341CD668D10064B499 /* Trump.swift in Sources */,
				879EC5491AF2A08300F36F1C /* ChatBubbleCell.swift in Sources */,
				3284A13C1CD4010200A5DD4F /* Barney.swift in Sources */,
				9DCCE6CD1CD3457F0074771D /* Sheldon.swift in Sources */,
				87DC34E61CEA18A000AC0EE6 /* Teenager.swift in Sources */,
				3284A1361CD3FD4500A5DD4F /* Minion.swift in Sources */,
				79A8A7631CD0072100C7A040 /* Sherlock.swift in Sources */,
				879EC5451AF29DC200F36F1C /* ViewController.swift in Sources */,
			);
			runOnlyForDeploymentPostprocessing = 0;
		};
/* End PBXSourcesBuildPhase section */

/* Begin XCBuildConfiguration section */
		8739C1EC191C1203009C7B3B /* Debug */ = {
			isa = XCBuildConfiguration;
			buildSettings = {
				ALWAYS_SEARCH_USER_PATHS = NO;
				CLANG_ENABLE_MODULES = YES;
				CLANG_ENABLE_OBJC_ARC = YES;
				CLANG_WARN_BOOL_CONVERSION = YES;
				CLANG_WARN_CONSTANT_CONVERSION = YES;
				CLANG_WARN_DIRECT_OBJC_ISA_USAGE = YES_ERROR;
				CLANG_WARN_EMPTY_BODY = YES;
				CLANG_WARN_ENUM_CONVERSION = YES;
				CLANG_WARN_INT_CONVERSION = YES;
				CLANG_WARN_OBJC_ROOT_CLASS = YES_ERROR;
				CLANG_WARN__DUPLICATE_METHOD_MATCH = YES;
				CODE_SIGN_IDENTITY = "iPhone Developer";
				COPY_PHASE_STRIP = NO;
				ENABLE_TESTABILITY = YES;
				GCC_DYNAMIC_NO_PIC = NO;
				GCC_OPTIMIZATION_LEVEL = 0;
				GCC_PREPROCESSOR_DEFINITIONS = (
					"DEBUG=1",
					"$(inherited)",
				);
				GCC_SYMBOLS_PRIVATE_EXTERN = NO;
				GCC_WARN_64_TO_32_BIT_CONVERSION = YES;
				GCC_WARN_ABOUT_RETURN_TYPE = YES_ERROR;
				GCC_WARN_UNDECLARED_SELECTOR = YES;
				GCC_WARN_UNINITIALIZED_AUTOS = YES_AGGRESSIVE;
				GCC_WARN_UNUSED_FUNCTION = YES;
				GCC_WARN_UNUSED_VARIABLE = YES;
				IPHONEOS_DEPLOYMENT_TARGET = 8.0;
				ONLY_ACTIVE_ARCH = YES;
				SDKROOT = iphoneos;
				TARGETED_DEVICE_FAMILY = "1,2";
			};
			name = Debug;
		};
		8739C1ED191C1203009C7B3B /* Release */ = {
			isa = XCBuildConfiguration;
			buildSettings = {
				ALWAYS_SEARCH_USER_PATHS = NO;
				CLANG_ENABLE_MODULES = YES;
				CLANG_ENABLE_OBJC_ARC = YES;
				CLANG_WARN_BOOL_CONVERSION = YES;
				CLANG_WARN_CONSTANT_CONVERSION = YES;
				CLANG_WARN_DIRECT_OBJC_ISA_USAGE = YES_ERROR;
				CLANG_WARN_EMPTY_BODY = YES;
				CLANG_WARN_ENUM_CONVERSION = YES;
				CLANG_WARN_INT_CONVERSION = YES;
				CLANG_WARN_OBJC_ROOT_CLASS = YES_ERROR;
				CLANG_WARN__DUPLICATE_METHOD_MATCH = YES;
				CODE_SIGN_IDENTITY = "iPhone Developer";
				COPY_PHASE_STRIP = YES;
				ENABLE_NS_ASSERTIONS = NO;
				GCC_WARN_64_TO_32_BIT_CONVERSION = YES;
				GCC_WARN_ABOUT_RETURN_TYPE = YES_ERROR;
				GCC_WARN_UNDECLARED_SELECTOR = YES;
				GCC_WARN_UNINITIALIZED_AUTOS = YES_AGGRESSIVE;
				GCC_WARN_UNUSED_FUNCTION = YES;
				GCC_WARN_UNUSED_VARIABLE = YES;
				IPHONEOS_DEPLOYMENT_TARGET = 8.0;
				SDKROOT = iphoneos;
				TARGETED_DEVICE_FAMILY = "1,2";
				VALIDATE_PRODUCT = YES;
			};
			name = Release;
		};
		8739C1EF191C1203009C7B3B /* Debug */ = {
			isa = XCBuildConfiguration;
			buildSettings = {
				CLANG_ENABLE_MODULES = YES;
				CLANG_ENABLE_MODULE_DEBUGGING = NO;
				CODE_SIGN_IDENTITY = "iPhone Developer";
				"CODE_SIGN_IDENTITY[sdk=iphoneos*]" = "iPhone Developer";
				INFOPLIST_FILE = "chatter/chatter-Info.plist";
				LD_RUNPATH_SEARCH_PATHS = "$(inherited) @executable_path/Frameworks";
				PRODUCT_BUNDLE_IDENTIFIER = "de.uni-hd.ios-dev-kurs.chatter";
				PRODUCT_NAME = "$(TARGET_NAME)";
				PROVISIONING_PROFILE = "";
				SWIFT_OPTIMIZATION_LEVEL = "-Onone";
				WRAPPER_EXTENSION = app;
			};
			name = Debug;
		};
		8739C1F0191C1203009C7B3B /* Release */ = {
			isa = XCBuildConfiguration;
			buildSettings = {
				CLANG_ENABLE_MODULES = YES;
				CLANG_ENABLE_MODULE_DEBUGGING = NO;
				CODE_SIGN_IDENTITY = "iPhone Developer";
				"CODE_SIGN_IDENTITY[sdk=iphoneos*]" = "iPhone Developer";
				INFOPLIST_FILE = "chatter/chatter-Info.plist";
				LD_RUNPATH_SEARCH_PATHS = "$(inherited) @executable_path/Frameworks";
				PRODUCT_BUNDLE_IDENTIFIER = "de.uni-hd.ios-dev-kurs.chatter";
				PRODUCT_NAME = "$(TARGET_NAME)";
				PROVISIONING_PROFILE = "";
				WRAPPER_EXTENSION = app;
			};
			name = Release;
		};
/* End XCBuildConfiguration section */

/* Begin XCConfigurationList section */
		8739C1B4191C1203009C7B3B /* Build configuration list for PBXProject "chatter" */ = {
			isa = XCConfigurationList;
			buildConfigurations = (
				8739C1EC191C1203009C7B3B /* Debug */,
				8739C1ED191C1203009C7B3B /* Release */,
			);
			defaultConfigurationIsVisible = 0;
			defaultConfigurationName = Release;
		};
		8739C1EE191C1203009C7B3B /* Build configuration list for PBXNativeTarget "chatter" */ = {
			isa = XCConfigurationList;
			buildConfigurations = (
				8739C1EF191C1203009C7B3B /* Debug */,
				8739C1F0191C1203009C7B3B /* Release */,
			);
			defaultConfigurationIsVisible = 0;
			defaultConfigurationName = Release;
		};
/* End XCConfigurationList section */
	};
	rootObject = 8739C1B1191C1203009C7B3B /* Project object */;
}
