// !$*UTF8*$!
{
	archiveVersion = 1;
	classes = {
	};
	objectVersion = 46;
	objects = {

/* Begin PBXBuildFile section */
		8739C1BD191C1203009C7B3B /* Foundation.framework in Frameworks */ = {isa = PBXBuildFile; fileRef = 8739C1BC191C1203009C7B3B /* Foundation.framework */; };
		8739C1BF191C1203009C7B3B /* CoreGraphics.framework in Frameworks */ = {isa = PBXBuildFile; fileRef = 8739C1BE191C1203009C7B3B /* CoreGraphics.framework */; };
		8739C1C1191C1203009C7B3B /* UIKit.framework in Frameworks */ = {isa = PBXBuildFile; fileRef = 8739C1C0191C1203009C7B3B /* UIKit.framework */; };
		8739C1D0191C1203009C7B3B /* Main.storyboard in Resources */ = {isa = PBXBuildFile; fileRef = 8739C1CE191C1203009C7B3B /* Main.storyboard */; };
		8739C1D8191C1203009C7B3B /* Images.xcassets in Resources */ = {isa = PBXBuildFile; fileRef = 8739C1D7191C1203009C7B3B /* Images.xcassets */; };
		8739C1DF191C1203009C7B3B /* XCTest.framework in Frameworks */ = {isa = PBXBuildFile; fileRef = 8739C1DE191C1203009C7B3B /* XCTest.framework */; };
		8739C1E0191C1203009C7B3B /* Foundation.framework in Frameworks */ = {isa = PBXBuildFile; fileRef = 8739C1BC191C1203009C7B3B /* Foundation.framework */; };
		8739C1E1191C1203009C7B3B /* UIKit.framework in Frameworks */ = {isa = PBXBuildFile; fileRef = 8739C1C0191C1203009C7B3B /* UIKit.framework */; };
		8739C1E9191C1203009C7B3B /* InfoPlist.strings in Resources */ = {isa = PBXBuildFile; fileRef = 8739C1E7191C1203009C7B3B /* InfoPlist.strings */; };
		875DAA1D1AFC9F50004E3C95 /* Chatter.swift in Sources */ = {isa = PBXBuildFile; fileRef = 875DAA1C1AFC9F50004E3C95 /* Chatter.swift */; };
		875DAA201AFC9F59004E3C95 /* Mcclane.swift in Sources */ = {isa = PBXBuildFile; fileRef = 875DAA1E1AFC9F59004E3C95 /* Mcclane.swift */; };
		875DAA211AFC9F59004E3C95 /* Yoda.swift in Sources */ = {isa = PBXBuildFile; fileRef = 875DAA1F1AFC9F59004E3C95 /* Yoda.swift */; };
		879EC5111AF2952E00F36F1C /* AppDelegate.swift in Sources */ = {isa = PBXBuildFile; fileRef = 879EC5101AF2952E00F36F1C /* AppDelegate.swift */; };
		879EC5451AF29DC200F36F1C /* ViewController.swift in Sources */ = {isa = PBXBuildFile; fileRef = 879EC5441AF29DC200F36F1C /* ViewController.swift */; };
		879EC5471AF29DD600F36F1C /* ChatViewController.swift in Sources */ = {isa = PBXBuildFile; fileRef = 879EC5461AF29DD600F36F1C /* ChatViewController.swift */; };
		879EC5491AF2A08300F36F1C /* ChatBubbleCell.swift in Sources */ = {isa = PBXBuildFile; fileRef = 879EC5481AF2A08300F36F1C /* ChatBubbleCell.swift */; };
		9C90B4B61AFCA23300BC8ACC /* AndroidUser.swift in Sources */ = {isa = PBXBuildFile; fileRef = 9C90B4B51AFCA23300BC8ACC /* AndroidUser.swift */; };
/* End PBXBuildFile section */

/* Begin PBXContainerItemProxy section */
		8739C1E2191C1203009C7B3B /* PBXContainerItemProxy */ = {
			isa = PBXContainerItemProxy;
			containerPortal = 8739C1B1191C1203009C7B3B /* Project object */;
			proxyType = 1;
			remoteGlobalIDString = 8739C1B8191C1203009C7B3B;
			remoteInfo = chatter;
		};
/* End PBXContainerItemProxy section */

/* Begin PBXFileReference section */
		8739C1B9191C1203009C7B3B /* chatter.app */ = {isa = PBXFileReference; explicitFileType = wrapper.application; includeInIndex = 0; path = chatter.app; sourceTree = BUILT_PRODUCTS_DIR; };
		8739C1BC191C1203009C7B3B /* Foundation.framework */ = {isa = PBXFileReference; lastKnownFileType = wrapper.framework; name = Foundation.framework; path = System/Library/Frameworks/Foundation.framework; sourceTree = SDKROOT; };
		8739C1BE191C1203009C7B3B /* CoreGraphics.framework */ = {isa = PBXFileReference; lastKnownFileType = wrapper.framework; name = CoreGraphics.framework; path = System/Library/Frameworks/CoreGraphics.framework; sourceTree = SDKROOT; };
		8739C1C0191C1203009C7B3B /* UIKit.framework */ = {isa = PBXFileReference; lastKnownFileType = wrapper.framework; name = UIKit.framework; path = System/Library/Frameworks/UIKit.framework; sourceTree = SDKROOT; };
		8739C1C4191C1203009C7B3B /* chatter-Info.plist */ = {isa = PBXFileReference; lastKnownFileType = text.plist.xml; path = "chatter-Info.plist"; sourceTree = "<group>"; };
		8739C1CF191C1203009C7B3B /* Base */ = {isa = PBXFileReference; lastKnownFileType = file.storyboard; name = Base; path = Base.lproj/Main.storyboard; sourceTree = "<group>"; };
		8739C1D7191C1203009C7B3B /* Images.xcassets */ = {isa = PBXFileReference; lastKnownFileType = folder.assetcatalog; path = Images.xcassets; sourceTree = "<group>"; };
		8739C1DD191C1203009C7B3B /* chatterTests.xctest */ = {isa = PBXFileReference; explicitFileType = wrapper.cfbundle; includeInIndex = 0; path = chatterTests.xctest; sourceTree = BUILT_PRODUCTS_DIR; };
		8739C1DE191C1203009C7B3B /* XCTest.framework */ = {isa = PBXFileReference; lastKnownFileType = wrapper.framework; name = XCTest.framework; path = Library/Frameworks/XCTest.framework; sourceTree = DEVELOPER_DIR; };
		8739C1E6191C1203009C7B3B /* chatterTests-Info.plist */ = {isa = PBXFileReference; lastKnownFileType = text.plist.xml; path = "chatterTests-Info.plist"; sourceTree = "<group>"; };
		8739C1E8191C1203009C7B3B /* en */ = {isa = PBXFileReference; lastKnownFileType = text.plist.strings; name = en; path = en.lproj/InfoPlist.strings; sourceTree = "<group>"; };
		875DAA1C1AFC9F50004E3C95 /* Chatter.swift */ = {isa = PBXFileReference; fileEncoding = 4; lastKnownFileType = sourcecode.swift; name = Chatter.swift; path = Model/Chatter.swift; sourceTree = "<group>"; };
		875DAA1E1AFC9F59004E3C95 /* Mcclane.swift */ = {isa = PBXFileReference; fileEncoding = 4; lastKnownFileType = sourcecode.swift; name = Mcclane.swift; path = Model/Chatters/Mcclane.swift; sourceTree = "<group>"; };
		875DAA1F1AFC9F59004E3C95 /* Yoda.swift */ = {isa = PBXFileReference; fileEncoding = 4; lastKnownFileType = sourcecode.swift; name = Yoda.swift; path = Model/Chatters/Yoda.swift; sourceTree = "<group>"; };
		879EC5101AF2952E00F36F1C /* AppDelegate.swift */ = {isa = PBXFileReference; fileEncoding = 4; lastKnownFileType = sourcecode.swift; path = AppDelegate.swift; sourceTree = "<group>"; };
		879EC5441AF29DC200F36F1C /* ViewController.swift */ = {isa = PBXFileReference; fileEncoding = 4; lastKnownFileType = sourcecode.swift; path = ViewController.swift; sourceTree = "<group>"; };
		879EC5461AF29DD600F36F1C /* ChatViewController.swift */ = {isa = PBXFileReference; fileEncoding = 4; lastKnownFileType = sourcecode.swift; path = ChatViewController.swift; sourceTree = "<group>"; };
		879EC5481AF2A08300F36F1C /* ChatBubbleCell.swift */ = {isa = PBXFileReference; fileEncoding = 4; lastKnownFileType = sourcecode.swift; path = ChatBubbleCell.swift; sourceTree = "<group>"; };
		9C90B4B51AFCA23300BC8ACC /* AndroidUser.swift */ = {isa = PBXFileReference; fileEncoding = 4; lastKnownFileType = sourcecode.swift; path = AndroidUser.swift; sourceTree = "<group>"; };
/* End PBXFileReference section */

/* Begin PBXFrameworksBuildPhase section */
		8739C1B6191C1203009C7B3B /* Frameworks */ = {
			isa = PBXFrameworksBuildPhase;
			buildActionMask = 2147483647;
			files = (
				8739C1BF191C1203009C7B3B /* CoreGraphics.framework in Frameworks */,
				8739C1C1191C1203009C7B3B /* UIKit.framework in Frameworks */,
				8739C1BD191C1203009C7B3B /* Foundation.framework in Frameworks */,
			);
			runOnlyForDeploymentPostprocessing = 0;
		};
		8739C1DA191C1203009C7B3B /* Frameworks */ = {
			isa = PBXFrameworksBuildPhase;
			buildActionMask = 2147483647;
			files = (
				8739C1DF191C1203009C7B3B /* XCTest.framework in Frameworks */,
				8739C1E1191C1203009C7B3B /* UIKit.framework in Frameworks */,
				8739C1E0191C1203009C7B3B /* Foundation.framework in Frameworks */,
			);
			runOnlyForDeploymentPostprocessing = 0;
		};
/* End PBXFrameworksBuildPhase section */

/* Begin PBXGroup section */
		8739C1B0191C1203009C7B3B = {
			isa = PBXGroup;
			children = (
				8739C1C2191C1203009C7B3B /* chatter */,
				8739C1E4191C1203009C7B3B /* chatterTests */,
				8739C1BB191C1203009C7B3B /* Frameworks */,
				8739C1BA191C1203009C7B3B /* Products */,
			);
			sourceTree = "<group>";
		};
		8739C1BA191C1203009C7B3B /* Products */ = {
			isa = PBXGroup;
			children = (
				8739C1B9191C1203009C7B3B /* chatter.app */,
				8739C1DD191C1203009C7B3B /* chatterTests.xctest */,
			);
			name = Products;
			sourceTree = "<group>";
		};
		8739C1BB191C1203009C7B3B /* Frameworks */ = {
			isa = PBXGroup;
			children = (
				8739C1BC191C1203009C7B3B /* Foundation.framework */,
				8739C1BE191C1203009C7B3B /* CoreGraphics.framework */,
				8739C1C0191C1203009C7B3B /* UIKit.framework */,
				8739C1DE191C1203009C7B3B /* XCTest.framework */,
			);
			name = Frameworks;
			sourceTree = "<group>";
		};
		8739C1C2191C1203009C7B3B /* chatter */ = {
			isa = PBXGroup;
			children = (
				879EC5101AF2952E00F36F1C /* AppDelegate.swift */,
				8739C1F7191C123C009C7B3B /* Model */,
				8739C1F9191C1256009C7B3B /* View */,
				8739C1F8191C1244009C7B3B /* Controller */,
				8739C1D7191C1203009C7B3B /* Images.xcassets */,
				8739C1C3191C1203009C7B3B /* Supporting Files */,
			);
			path = chatter;
			sourceTree = "<group>";
		};
		8739C1C3191C1203009C7B3B /* Supporting Files */ = {
			isa = PBXGroup;
			children = (
				8739C1C4191C1203009C7B3B /* chatter-Info.plist */,
			);
			name = "Supporting Files";
			sourceTree = "<group>";
		};
		8739C1E4191C1203009C7B3B /* chatterTests */ = {
			isa = PBXGroup;
			children = (
				8739C1E5191C1203009C7B3B /* Supporting Files */,
			);
			path = chatterTests;
			sourceTree = "<group>";
		};
		8739C1E5191C1203009C7B3B /* Supporting Files */ = {
			isa = PBXGroup;
			children = (
				8739C1E6191C1203009C7B3B /* chatterTests-Info.plist */,
				8739C1E7191C1203009C7B3B /* InfoPlist.strings */,
			);
			name = "Supporting Files";
			sourceTree = "<group>";
		};
		8739C1F7191C123C009C7B3B /* Model */ = {
			isa = PBXGroup;
			children = (
				875DAA1C1AFC9F50004E3C95 /* Chatter.swift */,
				8739C203191C320F009C7B3B /* Chatters */,
			);
			name = Model;
			sourceTree = "<group>";
		};
		8739C1F8191C1244009C7B3B /* Controller */ = {
			isa = PBXGroup;
			children = (
				879EC5441AF29DC200F36F1C /* ViewController.swift */,
				879EC5461AF29DD600F36F1C /* ChatViewController.swift */,
			);
			name = Controller;
			sourceTree = "<group>";
		};
		8739C1F9191C1256009C7B3B /* View */ = {
			isa = PBXGroup;
			children = (
				8739C1CE191C1203009C7B3B /* Main.storyboard */,
				879EC5481AF2A08300F36F1C /* ChatBubbleCell.swift */,
			);
			name = View;
			sourceTree = "<group>";
		};
		8739C203191C320F009C7B3B /* Chatters */ = {
			isa = PBXGroup;
			children = (
				875DAA1E1AFC9F59004E3C95 /* Mcclane.swift */,
				875DAA1F1AFC9F59004E3C95 /* Yoda.swift */,
				9C90B4B51AFCA23300BC8ACC /* AndroidUser.swift */,
			);
			name = Chatters;
			sourceTree = "<group>";
		};
/* End PBXGroup section */

/* Begin PBXNativeTarget section */
		8739C1B8191C1203009C7B3B /* chatter */ = {
			isa = PBXNativeTarget;
			buildConfigurationList = 8739C1EE191C1203009C7B3B /* Build configuration list for PBXNativeTarget "chatter" */;
			buildPhases = (
				8739C1B5191C1203009C7B3B /* Sources */,
				8739C1B6191C1203009C7B3B /* Frameworks */,
				8739C1B7191C1203009C7B3B /* Resources */,
			);
			buildRules = (
			);
			dependencies = (
			);
			name = chatter;
			productName = chatter;
			productReference = 8739C1B9191C1203009C7B3B /* chatter.app */;
			productType = "com.apple.product-type.application";
		};
		8739C1DC191C1203009C7B3B /* chatterTests */ = {
			isa = PBXNativeTarget;
			buildConfigurationList = 8739C1F1191C1203009C7B3B /* Build configuration list for PBXNativeTarget "chatterTests" */;
			buildPhases = (
				8739C1D9191C1203009C7B3B /* Sources */,
				8739C1DA191C1203009C7B3B /* Frameworks */,
				8739C1DB191C1203009C7B3B /* Resources */,
			);
			buildRules = (
			);
			dependencies = (
				8739C1E3191C1203009C7B3B /* PBXTargetDependency */,
			);
			name = chatterTests;
			productName = chatterTests;
			productReference = 8739C1DD191C1203009C7B3B /* chatterTests.xctest */;
			productType = "com.apple.product-type.bundle.unit-test";
		};
/* End PBXNativeTarget section */

/* Begin PBXProject section */
		8739C1B1191C1203009C7B3B /* Project object */ = {
			isa = PBXProject;
			attributes = {
				CLASSPREFIX = CHTR;
				LastUpgradeCheck = 0510;
				ORGANIZATIONNAME = "Universität Heidelberg";
				TargetAttributes = {
					8739C1B8191C1203009C7B3B = {
						DevelopmentTeam = SZEDS83NVF;
					};
					8739C1DC191C1203009C7B3B = {
						TestTargetID = 8739C1B8191C1203009C7B3B;
					};
				};
			};
			buildConfigurationList = 8739C1B4191C1203009C7B3B /* Build configuration list for PBXProject "chatter" */;
			compatibilityVersion = "Xcode 3.2";
			developmentRegion = English;
			hasScannedForEncodings = 0;
			knownRegions = (
				en,
				Base,
			);
			mainGroup = 8739C1B0191C1203009C7B3B;
			productRefGroup = 8739C1BA191C1203009C7B3B /* Products */;
			projectDirPath = "";
			projectRoot = "";
			targets = (
				8739C1B8191C1203009C7B3B /* chatter */,
				8739C1DC191C1203009C7B3B /* chatterTests */,
			);
		};
/* End PBXProject section */

/* Begin PBXResourcesBuildPhase section */
		8739C1B7191C1203009C7B3B /* Resources */ = {
			isa = PBXResourcesBuildPhase;
			buildActionMask = 2147483647;
			files = (
				8739C1D8191C1203009C7B3B /* Images.xcassets in Resources */,
				8739C1D0191C1203009C7B3B /* Main.storyboard in Resources */,
			);
			runOnlyForDeploymentPostprocessing = 0;
		};
		8739C1DB191C1203009C7B3B /* Resources */ = {
			isa = PBXResourcesBuildPhase;
			buildActionMask = 2147483647;
			files = (
				8739C1E9191C1203009C7B3B /* InfoPlist.strings in Resources */,
			);
			runOnlyForDeploymentPostprocessing = 0;
		};
/* End PBXResourcesBuildPhase section */

/* Begin PBXSourcesBuildPhase section */
		8739C1B5191C1203009C7B3B /* Sources */ = {
			isa = PBXSourcesBuildPhase;
			buildActionMask = 2147483647;
			files = (
				879EC5111AF2952E00F36F1C /* AppDelegate.swift in Sources */,
				879EC5471AF29DD600F36F1C /* ChatViewController.swift in Sources */,
				879EC5491AF2A08300F36F1C /* ChatBubbleCell.swift in Sources */,
				879EC5451AF29DC200F36F1C /* ViewController.swift in Sources */,
				9C90B4B61AFCA23300BC8ACC /* AndroidUser.swift in Sources */,
				875DAA1D1AFC9F50004E3C95 /* Chatter.swift in Sources */,
				875DAA211AFC9F59004E3C95 /* Yoda.swift in Sources */,
				875DAA201AFC9F59004E3C95 /* Mcclane.swift in Sources */,
			);
			runOnlyForDeploymentPostprocessing = 0;
		};
		8739C1D9191C1203009C7B3B /* Sources */ = {
			isa = PBXSourcesBuildPhase;
			buildActionMask = 2147483647;
			files = (
			);
			runOnlyForDeploymentPostprocessing = 0;
		};
/* End PBXSourcesBuildPhase section */

/* Begin PBXTargetDependency section */
		8739C1E3191C1203009C7B3B /* PBXTargetDependency */ = {
			isa = PBXTargetDependency;
			target = 8739C1B8191C1203009C7B3B /* chatter */;
			targetProxy = 8739C1E2191C1203009C7B3B /* PBXContainerItemProxy */;
		};
/* End PBXTargetDependency section */

/* Begin PBXVariantGroup section */
		8739C1CE191C1203009C7B3B /* Main.storyboard */ = {
			isa = PBXVariantGroup;
			children = (
				8739C1CF191C1203009C7B3B /* Base */,
			);
			name = Main.storyboard;
			sourceTree = "<group>";
		};
		8739C1E7191C1203009C7B3B /* InfoPlist.strings */ = {
			isa = PBXVariantGroup;
			children = (
				8739C1E8191C1203009C7B3B /* en */,
			);
			name = InfoPlist.strings;
			sourceTree = "<group>";
		};
/* End PBXVariantGroup section */

/* Begin XCBuildConfiguration section */
		8739C1EC191C1203009C7B3B /* Debug */ = {
			isa = XCBuildConfiguration;
			buildSettings = {
				ALWAYS_SEARCH_USER_PATHS = NO;
				CLANG_ENABLE_MODULES = YES;
				CLANG_ENABLE_OBJC_ARC = YES;
				CLANG_WARN_BOOL_CONVERSION = YES;
				CLANG_WARN_CONSTANT_CONVERSION = YES;
				CLANG_WARN_DIRECT_OBJC_ISA_USAGE = YES_ERROR;
				CLANG_WARN_EMPTY_BODY = YES;
				CLANG_WARN_ENUM_CONVERSION = YES;
				CLANG_WARN_INT_CONVERSION = YES;
				CLANG_WARN_OBJC_ROOT_CLASS = YES_ERROR;
				CLANG_WARN__DUPLICATE_METHOD_MATCH = YES;
				CODE_SIGN_IDENTITY = "iPhone Developer";
				COPY_PHASE_STRIP = NO;
				GCC_DYNAMIC_NO_PIC = NO;
				GCC_OPTIMIZATION_LEVEL = 0;
				GCC_PREPROCESSOR_DEFINITIONS = (
					"DEBUG=1",
					"$(inherited)",
				);
				GCC_SYMBOLS_PRIVATE_EXTERN = NO;
				GCC_WARN_64_TO_32_BIT_CONVERSION = YES;
				GCC_WARN_ABOUT_RETURN_TYPE = YES_ERROR;
				GCC_WARN_UNDECLARED_SELECTOR = YES;
				GCC_WARN_UNINITIALIZED_AUTOS = YES_AGGRESSIVE;
				GCC_WARN_UNUSED_FUNCTION = YES;
				GCC_WARN_UNUSED_VARIABLE = YES;
				IPHONEOS_DEPLOYMENT_TARGET = 8.0;
				ONLY_ACTIVE_ARCH = YES;
				SDKROOT = iphoneos;
				TARGETED_DEVICE_FAMILY = "1,2";
			};
			name = Debug;
		};
		8739C1ED191C1203009C7B3B /* Release */ = {
			isa = XCBuildConfiguration;
			buildSettings = {
				ALWAYS_SEARCH_USER_PATHS = NO;
				CLANG_ENABLE_MODULES = YES;
				CLANG_ENABLE_OBJC_ARC = YES;
				CLANG_WARN_BOOL_CONVERSION = YES;
				CLANG_WARN_CONSTANT_CONVERSION = YES;
				CLANG_WARN_DIRECT_OBJC_ISA_USAGE = YES_ERROR;
				CLANG_WARN_EMPTY_BODY = YES;
				CLANG_WARN_ENUM_CONVERSION = YES;
				CLANG_WARN_INT_CONVERSION = YES;
				CLANG_WARN_OBJC_ROOT_CLASS = YES_ERROR;
				CLANG_WARN__DUPLICATE_METHOD_MATCH = YES;
				CODE_SIGN_IDENTITY = "iPhone Developer";
				COPY_PHASE_STRIP = YES;
				ENABLE_NS_ASSERTIONS = NO;
				GCC_WARN_64_TO_32_BIT_CONVERSION = YES;
				GCC_WARN_ABOUT_RETURN_TYPE = YES_ERROR;
				GCC_WARN_UNDECLARED_SELECTOR = YES;
				GCC_WARN_UNINITIALIZED_AUTOS = YES_AGGRESSIVE;
				GCC_WARN_UNUSED_FUNCTION = YES;
				GCC_WARN_UNUSED_VARIABLE = YES;
				IPHONEOS_DEPLOYMENT_TARGET = 8.0;
				SDKROOT = iphoneos;
				TARGETED_DEVICE_FAMILY = "1,2";
				VALIDATE_PRODUCT = YES;
			};
			name = Release;
		};
		8739C1EF191C1203009C7B3B /* Debug */ = {
			isa = XCBuildConfiguration;
			buildSettings = {
				CLANG_ENABLE_MODULES = YES;
				INFOPLIST_FILE = "chatter/chatter-Info.plist";
				LD_RUNPATH_SEARCH_PATHS = "$(inherited) @executable_path/Frameworks";
				PRODUCT_NAME = "$(TARGET_NAME)";
				SWIFT_OPTIMIZATION_LEVEL = "-Onone";
				WRAPPER_EXTENSION = app;
			};
			name = Debug;
		};
		8739C1F0191C1203009C7B3B /* Release */ = {
			isa = XCBuildConfiguration;
			buildSettings = {
				CLANG_ENABLE_MODULES = YES;
				INFOPLIST_FILE = "chatter/chatter-Info.plist";
				LD_RUNPATH_SEARCH_PATHS = "$(inherited) @executable_path/Frameworks";
				PRODUCT_NAME = "$(TARGET_NAME)";
				WRAPPER_EXTENSION = app;
			};
			name = Release;
		};
		8739C1F2191C1203009C7B3B /* Debug */ = {
			isa = XCBuildConfiguration;
			buildSettings = {
				BUNDLE_LOADER = "$(BUILT_PRODUCTS_DIR)/chatter.app/chatter";
				FRAMEWORK_SEARCH_PATHS = (
					"$(SDKROOT)/Developer/Library/Frameworks",
					"$(inherited)",
					"$(DEVELOPER_FRAMEWORKS_DIR)",
				);
				GCC_PRECOMPILE_PREFIX_HEADER = NO;
				GCC_PREPROCESSOR_DEFINITIONS = (
					"DEBUG=1",
					"$(inherited)",
				);
				INFOPLIST_FILE = "chatterTests/chatterTests-Info.plist";
				PRODUCT_NAME = "$(TARGET_NAME)";
				TEST_HOST = "$(BUNDLE_LOADER)";
				WRAPPER_EXTENSION = xctest;
			};
			name = Debug;
		};
		8739C1F3191C1203009C7B3B /* Release */ = {
			isa = XCBuildConfiguration;
			buildSettings = {
				BUNDLE_LOADER = "$(BUILT_PRODUCTS_DIR)/chatter.app/chatter";
				FRAMEWORK_SEARCH_PATHS = (
					"$(SDKROOT)/Developer/Library/Frameworks",
					"$(inherited)",
					"$(DEVELOPER_FRAMEWORKS_DIR)",
				);
				GCC_PRECOMPILE_PREFIX_HEADER = NO;
				INFOPLIST_FILE = "chatterTests/chatterTests-Info.plist";
				PRODUCT_NAME = "$(TARGET_NAME)";
				TEST_HOST = "$(BUNDLE_LOADER)";
				WRAPPER_EXTENSION = xctest;
			};
			name = Release;
		};
/* End XCBuildConfiguration section */

/* Begin XCConfigurationList section */
		8739C1B4191C1203009C7B3B /* Build configuration list for PBXProject "chatter" */ = {
			isa = XCConfigurationList;
			buildConfigurations = (
				8739C1EC191C1203009C7B3B /* Debug */,
				8739C1ED191C1203009C7B3B /* Release */,
			);
			defaultConfigurationIsVisible = 0;
			defaultConfigurationName = Release;
		};
		8739C1EE191C1203009C7B3B /* Build configuration list for PBXNativeTarget "chatter" */ = {
			isa = XCConfigurationList;
			buildConfigurations = (
				8739C1EF191C1203009C7B3B /* Debug */,
				8739C1F0191C1203009C7B3B /* Release */,
			);
			defaultConfigurationIsVisible = 0;
			defaultConfigurationName = Release;
		};
		8739C1F1191C1203009C7B3B /* Build configuration list for PBXNativeTarget "chatterTests" */ = {
			isa = XCConfigurationList;
			buildConfigurations = (
				8739C1F2191C1203009C7B3B /* Debug */,
				8739C1F3191C1203009C7B3B /* Release */,
			);
			defaultConfigurationIsVisible = 0;
			defaultConfigurationName = Release;
		};
/* End XCConfigurationList section */
	};
	rootObject = 8739C1B1191C1203009C7B3B /* Project object */;
}
